
Microsoft Visual Studio Solution File, Format Version 12.00
Project("{FAE04EC0-301F-11D3-BF4B-00C04F79EFBC}") = "ConsoleApp15", "ConsoleApp15\ConsoleApp15.csproj", "{CCA485F2-EC9F-4B3B-B867-ADA7431BAEC2}"
EndProject
Global
	GlobalSection(SolutionConfigurationPlatforms) = preSolution
		Debug|Any CPU = Debug|Any CPU
		Release|Any CPU = Release|Any CPU
	EndGlobalSection
	GlobalSection(ProjectConfigurationPlatforms) = postSolution
		{CCA485F2-EC9F-4B3B-B867-ADA7431BAEC2}.Debug|Any CPU.ActiveCfg = Debug|Any CPU
		{CCA485F2-EC9F-4B3B-B867-ADA7431BAEC2}.Debug|Any CPU.Build.0 = Debug|Any CPU
		{CCA485F2-EC9F-4B3B-B867-ADA7431BAEC2}.Release|Any CPU.ActiveCfg = Release|Any CPU
		{CCA485F2-EC9F-4B3B-B867-ADA7431BAEC2}.Release|Any CPU.Build.0 = Release|Any CPU
	EndGlobalSection
EndGlobal
